
Microsoft Visual Studio Solution File, Format Version 12.00
# Visual Studio Version 17
VisualStudioVersion = 17.9.34723.18
MinimumVisualStudioVersion = 10.0.40219.1
Project("{FAE04EC0-301F-11D3-BF4B-00C04F79EFBC}") = "AssetManagement", "AssetManagement\AssetManagement.csproj", "{FAFB849B-74FF-4CB7-8B33-6B0E85760643}"
EndProject
Global
	GlobalSection(SolutionConfigurationPlatforms) = preSolution
		Debug|Any CPU = Debug|Any CPU
		Release|Any CPU = Release|Any CPU
	EndGlobalSection
	GlobalSection(ProjectConfigurationPlatforms) = postSolution
		{FAFB849B-74FF-4CB7-8B33-6B0E85760643}.Debug|Any CPU.ActiveCfg = Debug|Any CPU
		{FAFB849B-74FF-4CB7-8B33-6B0E85760643}.Debug|Any CPU.Build.0 = Debug|Any CPU
		{FAFB849B-74FF-4CB7-8B33-6B0E85760643}.Release|Any CPU.ActiveCfg = Release|Any CPU
		{FAFB849B-74FF-4CB7-8B33-6B0E85760643}.Release|Any CPU.Build.0 = Release|Any CPU
	EndGlobalSection
	GlobalSection(SolutionProperties) = preSolution
		HideSolutionNode = FALSE
	EndGlobalSection
	GlobalSection(ExtensibilityGlobals) = postSolution
		SolutionGuid = {C26A4003-8120-4218-B386-41CFFDDB564C}
	EndGlobalSection
EndGlobal
